{
  "version": 4,
  "terraform_version": "1.1.5",
  "serial": 57,
  "lineage": "e71777fe-f7d8-3214-8aad-357f108ca1ad",
  "outputs": {},
  "resources": [
    {
      "module": "module.ddb_module",
      "mode": "managed",
      "type": "aws_dynamodb_table",
      "name": "basic-dynamodb-table",
      "provider": "provider[\"registry.terraform.io/hashicorp/aws\"]",
      "instances": [
        {
          "schema_version": 1,
          "attributes": {
            "arn": "arn:aws:dynamodb:eu-central-1:940748083299:table/Statements_prod",
            "attribute": [
              {
                "name": "Statement",
                "type": "S"
              }
            ],
            "billing_mode": "PAY_PER_REQUEST",
            "global_secondary_index": [],
            "hash_key": "Statement",
            "id": "Statements_prod",
            "local_secondary_index": [],
            "name": "Statements_prod",
            "point_in_time_recovery": [
              {
                "enabled": false
              }
            ],
            "range_key": null,
            "read_capacity": 0,
            "replica": [],
            "restore_date_time": null,
            "restore_source_name": null,
            "restore_to_latest_time": null,
            "server_side_encryption": [],
            "stream_arn": "",
            "stream_enabled": false,
            "stream_label": "",
            "stream_view_type": "",
            "table_class": "",
            "tags": {
              "environment": "prod",
              "name": "Statements_prod"
            },
            "tags_all": {
              "environment": "prod",
              "name": "Statements_prod"
            },
            "timeouts": null,
            "ttl": [
              {
                "attribute_name": "",
                "enabled": false
              }
            ],
            "write_capacity": 0
          },
          "sensitive_attributes": [],
          "private": "eyJlMmJmYjczMC1lY2FhLTExZTYtOGY4OC0zNDM2M2JjN2M0YzAiOnsiY3JlYXRlIjoxODAwMDAwMDAwMDAwLCJkZWxldGUiOjYwMDAwMDAwMDAwMCwidXBkYXRlIjozNjAwMDAwMDAwMDAwfSwic2NoZW1hX3ZlcnNpb24iOiIxIn0="
        }
      ]
    },
    {
      "module": "module.ddb_module",
      "mode": "managed",
      "type": "aws_iam_role",
      "name": "lambda_ddb_role",
      "provider": "provider[\"registry.terraform.io/hashicorp/aws\"]",
      "instances": [
        {
          "schema_version": 0,
          "attributes": {
            "arn": "arn:aws:iam::940748083299:role/lambda-exec-role",
            "assume_role_policy": "{\"Statement\":[{\"Action\":\"sts:AssumeRole\",\"Effect\":\"Allow\",\"Principal\":{\"Service\":\"lambda.amazonaws.com\"},\"Sid\":\"\"}],\"Version\":\"2012-10-17\"}",
            "create_date": "2022-07-31T15:43:28Z",
            "description": "",
            "force_detach_policies": false,
            "id": "lambda-exec-role",
            "inline_policy": [],
            "managed_policy_arns": [
              "arn:aws:iam::aws:policy/AmazonDynamoDBReadOnlyAccess"
            ],
            "max_session_duration": 3600,
            "name": "lambda-exec-role",
            "name_prefix": "",
            "path": "/",
            "permissions_boundary": null,
            "tags": {},
            "tags_all": {},
            "unique_id": "AROA5WCHUSBRRAF7X7EUU"
          },
          "sensitive_attributes": [],
          "private": "bnVsbA=="
        }
      ]
    },
    {
      "module": "module.ddb_module",
      "mode": "managed",
      "type": "aws_iam_role_policy_attachment",
      "name": "dynamodb_access_policy",
      "provider": "provider[\"registry.terraform.io/hashicorp/aws\"]",
      "instances": [
        {
          "schema_version": 0,
          "attributes": {
            "id": "lambda-exec-role-20220731154329040600000001",
            "policy_arn": "arn:aws:iam::aws:policy/AmazonDynamoDBReadOnlyAccess",
            "role": "lambda-exec-role"
          },
          "sensitive_attributes": [],
          "private": "bnVsbA==",
          "dependencies": [
            "module.ddb_module.aws_iam_role.lambda_ddb_role"
          ]
        }
      ]
    },
    {
      "module": "module.ddb_module",
      "mode": "managed",
      "type": "aws_lambda_function",
      "name": "lambda_api",
      "provider": "provider[\"registry.terraform.io/hashicorp/aws\"]",
      "instances": [
        {
          "schema_version": 0,
          "attributes": {
            "architectures": [
              "x86_64"
            ],
            "arn": "arn:aws:lambda:eu-central-1:940748083299:function:helloWorldAPI_prod",
            "code_signing_config_arn": "",
            "dead_letter_config": [],
            "description": "",
            "environment": [
              {
                "variables": {
                  "db_name": "Statements_prod",
                  "env": "prod"
                }
              }
            ],
            "ephemeral_storage": [
              {
                "size": 512
              }
            ],
            "file_system_config": [],
            "filename": "lambda_function.py.zip",
            "function_name": "helloWorldAPI_prod",
            "handler": "lambda_function.lambda_handler",
            "id": "helloWorldAPI_prod",
            "image_config": [],
            "image_uri": "",
            "invoke_arn": "arn:aws:apigateway:eu-central-1:lambda:path/2015-03-31/functions/arn:aws:lambda:eu-central-1:940748083299:function:helloWorldAPI_prod/invocations",
            "kms_key_arn": "",
            "last_modified": "2022-07-31T16:28:29.884+0000",
            "layers": null,
            "memory_size": 128,
            "package_type": "Zip",
            "publish": false,
            "qualified_arn": "arn:aws:lambda:eu-central-1:940748083299:function:helloWorldAPI_prod:$LATEST",
            "reserved_concurrent_executions": -1,
            "role": "arn:aws:iam::940748083299:role/lambda-exec-role",
            "runtime": "python3.8",
            "s3_bucket": null,
            "s3_key": null,
            "s3_object_version": null,
            "signing_job_arn": "",
            "signing_profile_version_arn": "",
            "source_code_hash": "gLesReoRqKR5hV3i4YR2QyjSSPgMV5gBDHZbbwuOJUk=",
            "source_code_size": 391,
            "tags": null,
            "tags_all": {},
            "timeout": 3,
            "timeouts": null,
            "tracing_config": [
              {
                "mode": "PassThrough"
              }
            ],
            "version": "$LATEST",
            "vpc_config": []
          },
          "sensitive_attributes": [],
          "private": "eyJlMmJmYjczMC1lY2FhLTExZTYtOGY4OC0zNDM2M2JjN2M0YzAiOnsiY3JlYXRlIjo2MDAwMDAwMDAwMDB9fQ==",
          "dependencies": [
            "module.ddb_module.aws_iam_role.lambda_ddb_role"
          ]
        }
      ]
    },
    {
      "module": "module.ddb_module",
      "mode": "managed",
      "type": "aws_lambda_function_url",
      "name": "url",
      "provider": "provider[\"registry.terraform.io/hashicorp/aws\"]",
      "instances": [
        {
          "schema_version": 0,
          "attributes": {
            "authorization_type": "NONE",
            "cors": [
              {
                "allow_credentials": true,
                "allow_headers": [
                  "date",
                  "keep-alive"
                ],
                "allow_methods": [
                  "*"
                ],
                "allow_origins": [
                  "*"
                ],
                "expose_headers": [
                  "date",
                  "keep-alive"
                ],
                "max_age": 86400
              }
            ],
            "function_arn": "arn:aws:lambda:eu-central-1:940748083299:function:helloWorldAPI_prod",
            "function_name": "helloWorldAPI_prod",
            "function_url": "https://puwgbpodnjsg7hk6jqeovpadwu0qryof.lambda-url.eu-central-1.on.aws/",
            "id": "helloWorldAPI_prod",
            "qualifier": "",
            "timeouts": null,
            "url_id": "puwgbpodnjsg7hk6jqeovpadwu0qryof"
          },
          "sensitive_attributes": [],
          "private": "eyJlMmJmYjczMC1lY2FhLTExZTYtOGY4OC0zNDM2M2JjN2M0YzAiOnsiY3JlYXRlIjo2MDAwMDAwMDAwMDB9fQ==",
          "dependencies": [
            "module.ddb_module.aws_iam_role.lambda_ddb_role",
            "module.ddb_module.aws_lambda_function.lambda_api"
          ]
        }
      ]
    }
  ]
}
